<?xml version="1.0" encoding="UTF-8" standalone="yes" ?>
<CodeBlocks_project_file>
	<FileVersion major="1" minor="6" />
	<Project>
		<Option title="CML_NN_mnist" />
		<Option pch_mode="2" />
		<Option compiler="gcc" />
		<Build>
			<Target title="Debug">
				<Option output="bin/Debug/CML_NN_mnist" prefix_auto="1" extension_auto="1" />
				<Option object_output="obj/Debug/" />
				<Option type="1" />
				<Option compiler="gcc" />
				<Compiler>
					<Add option="-g" />
				</Compiler>
			</Target>
			<Target title="Release">
				<Option output="bin/Release/CML_NN_mnist" prefix_auto="1" extension_auto="1" />
				<Option object_output="obj/Release/" />
				<Option type="1" />
				<Option compiler="gcc" />
				<Compiler>
					<Add option="-O2" />
				</Compiler>
				<Linker>
					<Add option="-s" />
				</Linker>
			</Target>
		</Build>
		<Compiler>
			<Add option="-Wall" />
		</Compiler>
		<Unit filename="../../CML_NN_mnist/img_mnist.c">
			<Option compilerVar="CC" />
		</Unit>
		<Unit filename="../../CML_NN_mnist/img_mnist.h" />
		<Unit filename="../../CML_NN_mnist/main.c">
			<Option compilerVar="CC" />
		</Unit>
		<Unit filename="../../CML_NN_mnist/nn.c">
			<Option compilerVar="CC" />
		</Unit>
		<Unit filename="../../CML_NN_mnist/nn.h" />
		<Unit filename="../../CML_NN_mnist/usr_types.h" />
		<Extensions>
			<code_completion />
			<envvars />
			<debugger />
			<lib_finder disable_auto="1" />
		</Extensions>
	</Project>
</CodeBlocks_project_file>
