<?xml version="1.0" encoding="UTF-8" standalone="yes" ?>
<CodeBlocks_project_file>
	<FileVersion major="1" minor="6" />
	<Project>
		<Option title="TensorFlow" />
		<Option pch_mode="2" />
		<Option compiler="gcc" />
		<Build>
			<Target title="Debug">
				<Option output="bin/Debug/TensorFlow" prefix_auto="1" extension_auto="1" />
				<Option object_output="obj/Debug/" />
				<Option type="1" />
				<Option compiler="gcc" />
				<Compiler>
					<Add option="-g" />
				</Compiler>
			</Target>
			<Target title="Release">
				<Option output="bin/Release/TensorFlow" prefix_auto="1" extension_auto="1" />
				<Option object_output="obj/Release/" />
				<Option type="1" />
				<Option compiler="gcc" />
				<Compiler>
					<Add option="-O2" />
				</Compiler>
				<Linker>
					<Add option="-s" />
				</Linker>
			</Target>
		</Build>
		<Compiler>
			<Add option="-Wall" />
		</Compiler>
		<Unit filename="../../Lecture/Basic/basic00.py" />
		<Unit filename="../../Lecture/Basic/basic01.py" />
		<Unit filename="../../Lecture/Basic/basic01.result" />
		<Unit filename="../../Lecture/Basic/basic02.py" />
		<Unit filename="../../Lecture/Basic/basic02.result" />
		<Unit filename="../../Lecture/Basic/basic03.py" />
		<Unit filename="../../Lecture/Basic/tf_reshape.py" />
		<Unit filename="../../Lecture/CNN/cnn_adam_opt.py" />
		<Unit filename="../../Lecture/CNN/cnn_adam_opt.result" />
		<Unit filename="../../Lecture/CNN/cnn_rms_opt.py" />
		<Unit filename="../../Lecture/CNN/cnn_rms_opt.result" />
		<Unit filename="../../Lecture/CNN/input_data.py" />
		<Unit filename="../../Lecture/Linear/linear.py" />
		<Unit filename="../../Lecture/Linear/linear_0.5_w.py" />
		<Unit filename="../../Lecture/Linear/linear_0.5_w.result" />
		<Unit filename="../../Lecture/Linear/linear_1_w.py" />
		<Unit filename="../../Lecture/Linear/linear_1_w.result" />
		<Unit filename="../../Lecture/Linear/linear_2_w.py" />
		<Unit filename="../../Lecture/Linear/linear_2_w.result" />
		<Unit filename="../../Lecture/Linear/linear_ml_1.py" />
		<Unit filename="../../Lecture/Linear/linear_ml_1.result" />
		<Unit filename="../../Lecture/Linear/linear_ml_1b.py" />
		<Unit filename="../../Lecture/Linear/linear_ml_1b.result" />
		<Unit filename="../../Lecture/Linear/linear_ml_2.py" />
		<Unit filename="../../Lecture/Linear/linear_ml_2.result" />
		<Unit filename="../../Lecture/Linear/linear_ml_file.py" />
		<Unit filename="../../Lecture/Linear/linear_ml_file.result" />
		<Unit filename="../../Lecture/Linear/linear_ml_mat.py" />
		<Unit filename="../../Lecture/Linear/linear_ml_mat.result" />
		<Unit filename="../../Lecture/Linear/linear_ml_mat_.py" />
		<Unit filename="../../Lecture/Linear/linear_ml_mat_.result" />
		<Unit filename="../../Lecture/Linear/linear_ml_mv.py" />
		<Unit filename="../../Lecture/Linear/linear_ml_mv.result" />
		<Unit filename="../../Lecture/Linear/train.txt" />
		<Unit filename="../../Lecture/LogClass/log_class.py" />
		<Unit filename="../../Lecture/LogClass/log_class.result" />
		<Unit filename="../../Lecture/LogClass/log_class_test.py" />
		<Unit filename="../../Lecture/LogClass/train.txt" />
		<Unit filename="../../Lecture/MultiClass/multi_class.py" />
		<Unit filename="../../Lecture/MultiClass/multi_class.result" />
		<Unit filename="../../Lecture/MultiClass/multi_class_test.py" />
		<Unit filename="../../Lecture/MultiClass/train.txt" />
		<Unit filename="../../Lecture/NN/alexnet.py" />
		<Unit filename="../../Lecture/NN/alexnet.result" />
		<Unit filename="../../Lecture/NN/bidirectional.result" />
		<Unit filename="../../Lecture/NN/bidirectional_rnn.py" />
		<Unit filename="../../Lecture/NN/convolutional.result" />
		<Unit filename="../../Lecture/NN/convolutional_network.py" />
		<Unit filename="../../Lecture/NN/data/t10k-images-idx3-ubyte" />
		<Unit filename="../../Lecture/NN/data/t10k-labels-idx1-ubyte" />
		<Unit filename="../../Lecture/NN/data/train-images-idx3-ubyte" />
		<Unit filename="../../Lecture/NN/data/train-labels-idx1-ubyte" />
		<Unit filename="../../Lecture/NN/input_data.py" />
		<Unit filename="../../Lecture/NN/logistic_regression.py" />
		<Unit filename="../../Lecture/NN/mnist_logistic.py" />
		<Unit filename="../../Lecture/NN/mnist_logistic.result" />
		<Unit filename="../../Lecture/NN/mnist_nn_deep_dropout.py" />
		<Unit filename="../../Lecture/NN/mnist_nn_deep_dropout.result" />
		<Unit filename="../../Lecture/NN/mnist_nn_deep_dropout_.py" />
		<Unit filename="../../Lecture/NN/mnist_nn_init.py" />
		<Unit filename="../../Lecture/NN/mnist_nn_init.result" />
		<Unit filename="../../Lecture/NN/mnist_nn_relu.py" />
		<Unit filename="../../Lecture/NN/mnist_nn_relu.result" />
		<Unit filename="../../Lecture/NN/multilayer.result" />
		<Unit filename="../../Lecture/NN/multilayer_perceptron.py" />
		<Unit filename="../../Lecture/NN/nearest.result" />
		<Unit filename="../../Lecture/NN/nearest_neighbor.py" />
		<Unit filename="../../Lecture/NN/recurrent.result" />
		<Unit filename="../../Lecture/NN/recurrent_network.py" />
		<Unit filename="../../Lecture/XOR/xor.py" />
		<Unit filename="../../Lecture/XOR/xor.result" />
		<Unit filename="../../Lecture/XOR/xor_.py" />
		<Unit filename="../../Lecture/XOR/xor_nn.py" />
		<Unit filename="../../Lecture/XOR/xor_nn.result" />
		<Unit filename="../../Lecture/XOR/xor_nn_.py" />
		<Unit filename="../../Lecture/XOR/xor_nn_deep.py" />
		<Unit filename="../../Lecture/XOR/xor_nn_deep.result" />
		<Unit filename="../../Lecture/XOR/xor_nn_deep2.py" />
		<Unit filename="../../Lecture/XOR/xor_nn_deep2.result" />
		<Unit filename="../../Lecture/XOR/xor_nn_deep3.py" />
		<Unit filename="../../Lecture/XOR/xor_nn_deep_.py" />
		<Unit filename="../../Lecture/XOR/xor_nn_relu.py" />
		<Unit filename="../../Lecture/XOR/xor_nn_relu.result" />
		<Unit filename="../../Lecture/XOR/xor_train.txt" />
		<Unit filename="../../tensorflow/TensorFlow-Examples-master/LICENSE" />
		<Unit filename="../../tensorflow/TensorFlow-Examples-master/README.md" />
		<Unit filename="../../tensorflow/TensorFlow-Examples-master/Setup_TensorFlow.md" />
		<Unit filename="../../tensorflow/TensorFlow-Examples-master/examples/1 - Introduction/basic_operations.py" />
		<Unit filename="../../tensorflow/TensorFlow-Examples-master/examples/1 - Introduction/helloworld.py" />
		<Unit filename="../../tensorflow/TensorFlow-Examples-master/examples/2 - Basic Classifiers/input_data.py" />
		<Unit filename="../../tensorflow/TensorFlow-Examples-master/examples/2 - Basic Classifiers/linear_regression.py" />
		<Unit filename="../../tensorflow/TensorFlow-Examples-master/examples/2 - Basic Classifiers/logistic_regression.py" />
		<Unit filename="../../tensorflow/TensorFlow-Examples-master/examples/2 - Basic Classifiers/nearest_neighbor.py" />
		<Unit filename="../../tensorflow/TensorFlow-Examples-master/examples/3 - Neural Networks/alexnet.py" />
		<Unit filename="../../tensorflow/TensorFlow-Examples-master/examples/3 - Neural Networks/bidirectional_rnn.py" />
		<Unit filename="../../tensorflow/TensorFlow-Examples-master/examples/3 - Neural Networks/convolutional_network.py" />
		<Unit filename="../../tensorflow/TensorFlow-Examples-master/examples/3 - Neural Networks/input_data.py" />
		<Unit filename="../../tensorflow/TensorFlow-Examples-master/examples/3 - Neural Networks/multilayer_perceptron.py" />
		<Unit filename="../../tensorflow/TensorFlow-Examples-master/examples/3 - Neural Networks/recurrent_network.py" />
		<Unit filename="../../tensorflow/TensorFlow-Examples-master/examples/4 - Multi GPU/multigpu_basics.py" />
		<Unit filename="../../tensorflow/TensorFlow-Examples-master/examples/5 - User Interface/graph_visualization.py" />
		<Unit filename="../../tensorflow/TensorFlow-Examples-master/examples/5 - User Interface/loss_visualization.py" />
		<Unit filename="../../tensorflow/TensorFlow-Examples-master/input_data.py" />
		<Unit filename="../../tensorflow/TensorFlow-Examples-master/multigpu_basics.py" />
		<Unit filename="../../tensorflow/TensorFlow-Examples-master/notebooks/1 - Introduction/basic_operations.ipynb" />
		<Unit filename="../../tensorflow/TensorFlow-Examples-master/notebooks/1 - Introduction/helloworld.ipynb" />
		<Unit filename="../../tensorflow/TensorFlow-Examples-master/notebooks/2 - Basic Classifiers/input_data.py" />
		<Unit filename="../../tensorflow/TensorFlow-Examples-master/notebooks/2 - Basic Classifiers/linear_regression.ipynb" />
		<Unit filename="../../tensorflow/TensorFlow-Examples-master/notebooks/2 - Basic Classifiers/logistic_regression.ipynb" />
		<Unit filename="../../tensorflow/TensorFlow-Examples-master/notebooks/2 - Basic Classifiers/nearest_neighbor.ipynb" />
		<Unit filename="../../tensorflow/TensorFlow-Examples-master/notebooks/3 - Neural Networks/alexnet.ipynb" />
		<Unit filename="../../tensorflow/TensorFlow-Examples-master/notebooks/3 - Neural Networks/bidirectional_rnn.ipynb" />
		<Unit filename="../../tensorflow/TensorFlow-Examples-master/notebooks/3 - Neural Networks/convolutional_network.ipynb" />
		<Unit filename="../../tensorflow/TensorFlow-Examples-master/notebooks/3 - Neural Networks/input_data.py" />
		<Unit filename="../../tensorflow/TensorFlow-Examples-master/notebooks/3 - Neural Networks/multilayer_perceptron.ipynb" />
		<Unit filename="../../tensorflow/TensorFlow-Examples-master/notebooks/3 - Neural Networks/reccurent_network.ipynb" />
		<Unit filename="../../tensorflow/TensorFlow-Examples-master/notebooks/4 - Multi GPU/multigpu_basics.ipynb" />
		<Unit filename="../../tensorflow/TensorFlow-Examples-master/notebooks/5 - User Interface/graph_visualization.ipynb" />
		<Unit filename="../../tensorflow/TensorFlow-Examples-master/notebooks/5 - User Interface/loss_visualization.ipynb" />
		<Unit filename="../../tensorflow/install.txt" />
		<Extensions>
			<code_completion />
			<debugger />
			<envvars />
		</Extensions>
	</Project>
</CodeBlocks_project_file>
